{
  "name": "simulation",
  "lockfileVersion": 2,
  "requires": true,
  "packages": {
    "": {
      "dependencies": {
        "material-icons": "^1.11.9"
      }
    },
    "node_modules/material-icons": {
      "version": "1.11.9",
      "resolved": "https://registry.npmjs.org/material-icons/-/material-icons-1.11.9.tgz",
      "integrity": "sha512-5dxJ7GyWaAn/s2TqZcLKFT2/AVcKvLJCIiRRvX7w+vx5CA9v3FeRCGoJhB0ChS/lybQHP+W9HO867KiaeQGjsw=="
    }
  },
  "dependencies": {
    "material-icons": {
      "version": "1.11.9",
      "resolved": "https://registry.npmjs.org/material-icons/-/material-icons-1.11.9.tgz",
      "integrity": "sha512-5dxJ7GyWaAn/s2TqZcLKFT2/AVcKvLJCIiRRvX7w+vx5CA9v3FeRCGoJhB0ChS/lybQHP+W9HO867KiaeQGjsw=="
    }
  }
}
